
Microsoft Visual Studio Solution File, Format Version 12.00
# Visual Studio Version 17
VisualStudioVersion = 17.1.32421.90
MinimumVisualStudioVersion = 10.0.40219.1
Project("{FAE04EC0-301F-11D3-BF4B-00C04F79EFBC}") = "FRONT_APP_DOCKER", "FRONT_APP_DOCKER\FRONT_APP_DOCKER.csproj", "{311DFBF0-DF35-424A-AA1E-6D62F14E4DC1}"
EndProject
Global
	GlobalSection(SolutionConfigurationPlatforms) = preSolution
		Debug|Any CPU = Debug|Any CPU
		Release|Any CPU = Release|Any CPU
	EndGlobalSection
	GlobalSection(ProjectConfigurationPlatforms) = postSolution
		{311DFBF0-DF35-424A-AA1E-6D62F14E4DC1}.Debug|Any CPU.ActiveCfg = Debug|Any CPU
		{311DFBF0-DF35-424A-AA1E-6D62F14E4DC1}.Debug|Any CPU.Build.0 = Debug|Any CPU
		{311DFBF0-DF35-424A-AA1E-6D62F14E4DC1}.Release|Any CPU.ActiveCfg = Release|Any CPU
		{311DFBF0-DF35-424A-AA1E-6D62F14E4DC1}.Release|Any CPU.Build.0 = Release|Any CPU
	EndGlobalSection
	GlobalSection(SolutionProperties) = preSolution
		HideSolutionNode = FALSE
	EndGlobalSection
	GlobalSection(ExtensibilityGlobals) = postSolution
		SolutionGuid = {3B8ED15E-E3A3-4A49-9700-6C2FAE23E2DC}
	EndGlobalSection
EndGlobal
